
Microsoft Visual Studio Solution File, Format Version 12.00
# Visual Studio 14
VisualStudioVersion = 14.0.23107.0
MinimumVisualStudioVersion = 10.0.40219.1
Project("{FAE04EC0-301F-11D3-BF4B-00C04F79EFBC}") = "Task8AndroidWeather", "Task8AndroidWeather\Task8AndroidWeather.csproj", "{E00FB83E-F636-4031-A8E6-051AC7AF3723}"
EndProject
Global
	GlobalSection(SolutionConfigurationPlatforms) = preSolution
		Debug|Any CPU = Debug|Any CPU
		Release|Any CPU = Release|Any CPU
	EndGlobalSection
	GlobalSection(ProjectConfigurationPlatforms) = postSolution
		{E00FB83E-F636-4031-A8E6-051AC7AF3723}.Debug|Any CPU.ActiveCfg = Debug|Any CPU
		{E00FB83E-F636-4031-A8E6-051AC7AF3723}.Debug|Any CPU.Build.0 = Debug|Any CPU
		{E00FB83E-F636-4031-A8E6-051AC7AF3723}.Debug|Any CPU.Deploy.0 = Debug|Any CPU
		{E00FB83E-F636-4031-A8E6-051AC7AF3723}.Release|Any CPU.ActiveCfg = Release|Any CPU
		{E00FB83E-F636-4031-A8E6-051AC7AF3723}.Release|Any CPU.Build.0 = Release|Any CPU
		{E00FB83E-F636-4031-A8E6-051AC7AF3723}.Release|Any CPU.Deploy.0 = Release|Any CPU
	EndGlobalSection
	GlobalSection(SolutionProperties) = preSolution
		HideSolutionNode = FALSE
	EndGlobalSection
EndGlobal
